{
  "originHash" : "d084e86528acd6ebd1e68055c100eb2a6cfd0d11825b5b6e8c00d06870f6f288",
  "pins" : [
    {
      "identity" : "fluidgradient",
      "kind" : "remoteSourceControl",
      "location" : "https://github.com/Cindori/FluidGradient",
      "state" : {
        "revision" : "9ddda4cf23671ef0228e88681ec6210cb3e0d7f7",
        "version" : "1.0.0"
      }
    }
  ],
  "version" : 3
}
