// !$*UTF8*$!
{
	archiveVersion = 1;
	classes = {
	};
	objectVersion = 70;
	objects = {

/* Begin PBXBuildFile section */
		0A0479E9299D56A200CF5566 /* DeviceListItem.swift in Sources */ = {isa = PBXBuildFile; fileRef = 0A0479E8299D56A200CF5566 /* DeviceListItem.swift */; };
		0A0479EB299D61DF00CF5566 /* ViewExtension.swift in Sources */ = {isa = PBXBuildFile; fileRef = 0A0479EA299D61DF00CF5566 /* ViewExtension.swift */; };
		0A10651E2CC3E979002C8745 /* DeviceListItem.swift in Sources */ = {isa = PBXBuildFile; fileRef = 0A0479E8299D56A200CF5566 /* DeviceListItem.swift */; };
		0A10651F2CC3E979002C8745 /* ShareView.swift in Sources */ = {isa = PBXBuildFile; fileRef = 0A1C35232B60F32200BBE6C3 /* ShareView.swift */; };
		0A1065232CC3EA3A002C8745 /* Helper.swift in Sources */ = {isa = PBXBuildFile; fileRef = 0ACD8C702B6ACC6D00F83E75 /* Helper.swift */; };
		0A1065242CC3EEDC002C8745 /* CircularProgressView.swift in Sources */ = {isa = PBXBuildFile; fileRef = 0A7C07462B8BFDF700209877 /* CircularProgressView.swift */; };
		0A1065252CC3EEDC002C8745 /* DiscoveryService.swift in Sources */ = {isa = PBXBuildFile; fileRef = 0A9D71EE2B63AEA700618EA7 /* DiscoveryService.swift */; };
		0A10652B2CC533F9002C8745 /* BluetoothDisabledWarningView.swift in Sources */ = {isa = PBXBuildFile; fileRef = 0A10652A2CC533EF002C8745 /* BluetoothDisabledWarningView.swift */; };
		0A10652C2CC533F9002C8745 /* BluetoothDisabledWarningView.swift in Sources */ = {isa = PBXBuildFile; fileRef = 0A10652A2CC533EF002C8745 /* BluetoothDisabledWarningView.swift */; };
		0A10652E2CC53870002C8745 /* ReadyToReceiveView.swift in Sources */ = {isa = PBXBuildFile; fileRef = 0A10652D2CC53870002C8745 /* ReadyToReceiveView.swift */; };
		0A1065312CC55BCA002C8745 /* ConnectionRequestView.swift in Sources */ = {isa = PBXBuildFile; fileRef = 0A1065302CC55BCA002C8745 /* ConnectionRequestView.swift */; };
		0A19E44B2B5C48E3007DB15A /* PulseView.swift in Sources */ = {isa = PBXBuildFile; fileRef = 0A19E44A2B5C48E3007DB15A /* PulseView.swift */; };
		0A1C35242B60F32200BBE6C3 /* ShareView.swift in Sources */ = {isa = PBXBuildFile; fileRef = 0A1C35232B60F32200BBE6C3 /* ShareView.swift */; };
		0A20C22B2CC7B7860005A338 /* InterShareSDKFFI.xcframework in Frameworks */ = {isa = PBXBuildFile; fileRef = 0AF497182CC6E4570049DAC3 /* InterShareSDKFFI.xcframework */; };
		0A2686122CC5B74A0011A9FD /* MenuButtonView.swift in Sources */ = {isa = PBXBuildFile; fileRef = 0A2686112CC5B74A0011A9FD /* MenuButtonView.swift */; };
		0A2E95022D464FBC00224218 /* InterShareAppClip.app in Embed App Clips */ = {isa = PBXBuildFile; fileRef = 0A2E94F32D464FBA00224218 /* InterShareAppClip.app */; platformFilter = ios; settings = {ATTRIBUTES = (RemoveHeadersOnCopy, ); }; };
		0A2E95092D465AE900224218 /* InterShareKit in Frameworks */ = {isa = PBXBuildFile; productRef = 0A2E95082D465AE900224218 /* InterShareKit */; };
		0A2E950A2D465AEF00224218 /* InterShareSDKFFI.xcframework in Frameworks */ = {isa = PBXBuildFile; fileRef = 0AF497182CC6E4570049DAC3 /* InterShareSDKFFI.xcframework */; };
		0A2E950B2D465AEF00224218 /* InterShareSDKFFI.xcframework in Embed Frameworks */ = {isa = PBXBuildFile; fileRef = 0AF497182CC6E4570049DAC3 /* InterShareSDKFFI.xcframework */; settings = {ATTRIBUTES = (CodeSignOnCopy, RemoveHeadersOnCopy, ); }; };
		0A2E950F2D46862100224218 /* FluidGradient in Frameworks */ = {isa = PBXBuildFile; productRef = 0A2E950E2D46862100224218 /* FluidGradient */; };
		0A5E3EE72CC59C7200AA2A27 /* DynamicNotchKit in Frameworks */ = {isa = PBXBuildFile; platformFilters = (macos, ); productRef = 0A5E3EE62CC59C7200AA2A27 /* DynamicNotchKit */; };
		0A5E3F1D2CC5A09300AA2A27 /* MacShareExtension.appex in Embed Foundation Extensions */ = {isa = PBXBuildFile; fileRef = 0A5E3F102CC5A09300AA2A27 /* MacShareExtension.appex */; platformFilters = (macos, ); settings = {ATTRIBUTES = (RemoveHeadersOnCopy, ); }; };
		0A5E3F252CC5A11F00AA2A27 /* DeviceListItem.swift in Sources */ = {isa = PBXBuildFile; fileRef = 0A0479E8299D56A200CF5566 /* DeviceListItem.swift */; };
		0A5E3F262CC5A11F00AA2A27 /* ShareView.swift in Sources */ = {isa = PBXBuildFile; fileRef = 0A1C35232B60F32200BBE6C3 /* ShareView.swift */; };
		0A5E3F272CC5A11F00AA2A27 /* CircularProgressView.swift in Sources */ = {isa = PBXBuildFile; fileRef = 0A7C07462B8BFDF700209877 /* CircularProgressView.swift */; };
		0A5E3F282CC5A11F00AA2A27 /* BluetoothDisabledWarningView.swift in Sources */ = {isa = PBXBuildFile; fileRef = 0A10652A2CC533EF002C8745 /* BluetoothDisabledWarningView.swift */; };
		0A5E3F292CC5A11F00AA2A27 /* ConnectionRequestView.swift in Sources */ = {isa = PBXBuildFile; fileRef = 0A1065302CC55BCA002C8745 /* ConnectionRequestView.swift */; };
		0A5E3F2A2CC5A11F00AA2A27 /* Helper.swift in Sources */ = {isa = PBXBuildFile; fileRef = 0ACD8C702B6ACC6D00F83E75 /* Helper.swift */; };
		0A5E3F2B2CC5A11F00AA2A27 /* DiscoveryService.swift in Sources */ = {isa = PBXBuildFile; fileRef = 0A9D71EE2B63AEA700618EA7 /* DiscoveryService.swift */; };
		0A5E3F302CC5A12400AA2A27 /* DynamicNotchKit in Frameworks */ = {isa = PBXBuildFile; productRef = 0A5E3F2F2CC5A12400AA2A27 /* DynamicNotchKit */; };
		0A653D362D90554E00FB7846 /* Assets.xcassets in Resources */ = {isa = PBXBuildFile; fileRef = 0AEC7C1B299BA2FB005BBB0E /* Assets.xcassets */; };
		0A653D372D90554E00FB7846 /* Assets.xcassets in Resources */ = {isa = PBXBuildFile; fileRef = 0AEC7C1B299BA2FB005BBB0E /* Assets.xcassets */; };
		0A69D4392CC3E3BF0066A19E /* ShareExtension.appex in Embed Foundation Extensions */ = {isa = PBXBuildFile; fileRef = 0A69D42F2CC3E3BF0066A19E /* ShareExtension.appex */; platformFilter = ios; settings = {ATTRIBUTES = (RemoveHeadersOnCopy, ); }; };
		0A6C60C32A88D2AD003ADA7A /* IpHelper.swift in Sources */ = {isa = PBXBuildFile; fileRef = 0A6C60C22A88D2AD003ADA7A /* IpHelper.swift */; };
		0A7C07472B8BFDF700209877 /* CircularProgressView.swift in Sources */ = {isa = PBXBuildFile; fileRef = 0A7C07462B8BFDF700209877 /* CircularProgressView.swift */; };
		0A8D6CC42CC577AD00BD251F /* DynamicNotchKit in Frameworks */ = {isa = PBXBuildFile; platformFilters = (macos, ); productRef = 0A8D6CC32CC577AD00BD251F /* DynamicNotchKit */; };
		0A98C7CD2B9A708E00BBD4C0 /* ContentView+mac.swift in Sources */ = {isa = PBXBuildFile; fileRef = 0A98C7CC2B9A708E00BBD4C0 /* ContentView+mac.swift */; };
		0A98C7CF2B9A722E00BBD4C0 /* VisualEffectView.swift in Sources */ = {isa = PBXBuildFile; fileRef = 0A98C7CE2B9A722E00BBD4C0 /* VisualEffectView.swift */; };
		0A9D71EF2B63AEA700618EA7 /* DiscoveryService.swift in Sources */ = {isa = PBXBuildFile; fileRef = 0A9D71EE2B63AEA700618EA7 /* DiscoveryService.swift */; };
		0ABCB5502D20161F00439A47 /* GalleryService.swift in Sources */ = {isa = PBXBuildFile; fileRef = 0ABCB54F2D20161F00439A47 /* GalleryService.swift */; };
		0ABCB5512D20161F00439A47 /* GalleryService.swift in Sources */ = {isa = PBXBuildFile; fileRef = 0ABCB54F2D20161F00439A47 /* GalleryService.swift */; };
		0ABCB5522D20161F00439A47 /* GalleryService.swift in Sources */ = {isa = PBXBuildFile; fileRef = 0ABCB54F2D20161F00439A47 /* GalleryService.swift */; };
		0ABEE9E92D57EF3200BFC4BC /* ViewExtensions.swift in Sources */ = {isa = PBXBuildFile; fileRef = 0ABEE9E82D57EF2900BFC4BC /* ViewExtensions.swift */; };
		0ABEE9EA2D57EF3200BFC4BC /* ViewExtensions.swift in Sources */ = {isa = PBXBuildFile; fileRef = 0ABEE9E82D57EF2900BFC4BC /* ViewExtensions.swift */; };
		0ABEE9EB2D57EF3200BFC4BC /* ViewExtensions.swift in Sources */ = {isa = PBXBuildFile; fileRef = 0ABEE9E82D57EF2900BFC4BC /* ViewExtensions.swift */; };
		0ACD8C6D2B6AC8CD00F83E75 /* ReceiveContentView.swift in Sources */ = {isa = PBXBuildFile; fileRef = 0ACD8C6C2B6AC8CD00F83E75 /* ReceiveContentView.swift */; };
		0ACD8C712B6ACC6D00F83E75 /* Helper.swift in Sources */ = {isa = PBXBuildFile; fileRef = 0ACD8C702B6ACC6D00F83E75 /* Helper.swift */; };
		0AEC7C18299BA2FA005BBB0E /* InterShareApp.swift in Sources */ = {isa = PBXBuildFile; fileRef = 0AEC7C17299BA2FA005BBB0E /* InterShareApp.swift */; };
		0AEC7C1A299BA2FA005BBB0E /* ContentView+iOS.swift in Sources */ = {isa = PBXBuildFile; fileRef = 0AEC7C19299BA2FA005BBB0E /* ContentView+iOS.swift */; };
		0AEC7C1C299BA2FB005BBB0E /* Assets.xcassets in Resources */ = {isa = PBXBuildFile; fileRef = 0AEC7C1B299BA2FB005BBB0E /* Assets.xcassets */; };
		0AEC7C20299BA2FB005BBB0E /* Preview Assets.xcassets in Resources */ = {isa = PBXBuildFile; fileRef = 0AEC7C1F299BA2FB005BBB0E /* Preview Assets.xcassets */; };
		0AF497132CC6B2190049DAC3 /* LocalNetworkAuthorization.swift in Sources */ = {isa = PBXBuildFile; fileRef = 0AF497122CC6B2190049DAC3 /* LocalNetworkAuthorization.swift */; };
		0AF497142CC6B3380049DAC3 /* LocalNetworkAuthorization.swift in Sources */ = {isa = PBXBuildFile; fileRef = 0AF497122CC6B2190049DAC3 /* LocalNetworkAuthorization.swift */; };
		0AF497152CC6B6B10049DAC3 /* LocalNetworkAuthorization.swift in Sources */ = {isa = PBXBuildFile; fileRef = 0AF497122CC6B2190049DAC3 /* LocalNetworkAuthorization.swift */; };
		0AF497172CC6E42D0049DAC3 /* InterShareKit in Frameworks */ = {isa = PBXBuildFile; productRef = 0AF497162CC6E42D0049DAC3 /* InterShareKit */; };
		0AF4971B2CC6E46A0049DAC3 /* InterShareKit in Frameworks */ = {isa = PBXBuildFile; productRef = 0AF4971A2CC6E46A0049DAC3 /* InterShareKit */; };
		0AF4971C2CC6E46A0049DAC3 /* InterShareSDKFFI.xcframework in Frameworks */ = {isa = PBXBuildFile; fileRef = 0AF497182CC6E4570049DAC3 /* InterShareSDKFFI.xcframework */; };
		0AF497202CC6E4710049DAC3 /* InterShareKit in Frameworks */ = {isa = PBXBuildFile; productRef = 0AF4971F2CC6E4710049DAC3 /* InterShareKit */; };
		0AF497212CC6E4710049DAC3 /* InterShareSDKFFI.xcframework in Frameworks */ = {isa = PBXBuildFile; fileRef = 0AF497182CC6E4570049DAC3 /* InterShareSDKFFI.xcframework */; };
		0AF4A9DE2D87529300A8ACE9 /* ShareSheetView.swift in Sources */ = {isa = PBXBuildFile; fileRef = 0AF4A9DC2D87529300A8ACE9 /* ShareSheetView.swift */; };
		0AF4A9F32D87598F00A8ACE9 /* ShareWindow.swift in Sources */ = {isa = PBXBuildFile; fileRef = 0AF4A9F22D87598E00A8ACE9 /* ShareWindow.swift */; };
		0AF4A9F62D87673A00A8ACE9 /* ShareSheetView.swift in Sources */ = {isa = PBXBuildFile; fileRef = 0AF4A9DC2D87529300A8ACE9 /* ShareSheetView.swift */; };
		0AF4A9F82D876E8300A8ACE9 /* ButtonStyle.swift in Sources */ = {isa = PBXBuildFile; fileRef = 0AF4A9F72D876E8000A8ACE9 /* ButtonStyle.swift */; };
		0AF4A9F92D876E8300A8ACE9 /* ButtonStyle.swift in Sources */ = {isa = PBXBuildFile; fileRef = 0AF4A9F72D876E8000A8ACE9 /* ButtonStyle.swift */; };
		0AF4A9FA2D876E8300A8ACE9 /* ButtonStyle.swift in Sources */ = {isa = PBXBuildFile; fileRef = 0AF4A9F72D876E8000A8ACE9 /* ButtonStyle.swift */; };
		0AF4AA4F2D87951F00A8ACE9 /* DSFDockTile in Frameworks */ = {isa = PBXBuildFile; platformFilters = (macos, ); productRef = 0AF4AA4E2D87951F00A8ACE9 /* DSFDockTile */; };
/* End PBXBuildFile section */

/* Begin PBXContainerItemProxy section */
		0A5E3F1B2CC5A09300AA2A27 /* PBXContainerItemProxy */ = {
			isa = PBXContainerItemProxy;
			containerPortal = 0AEC7C0C299BA2FA005BBB0E /* Project object */;
			proxyType = 1;
			remoteGlobalIDString = 0A5E3F0F2CC5A09300AA2A27;
			remoteInfo = MacShareExtension;
		};
		0A69D4372CC3E3BF0066A19E /* PBXContainerItemProxy */ = {
			isa = PBXContainerItemProxy;
			containerPortal = 0AEC7C0C299BA2FA005BBB0E /* Project object */;
			proxyType = 1;
			remoteGlobalIDString = 0A69D42E2CC3E3BF0066A19E;
			remoteInfo = ShareExtension;
		};
/* End PBXContainerItemProxy section */

/* Begin PBXCopyFilesBuildPhase section */
		0A2E95072D464FBC00224218 /* Embed App Clips */ = {
			isa = PBXCopyFilesBuildPhase;
			buildActionMask = 2147483647;
			dstPath = "$(CONTENTS_FOLDER_PATH)/AppClips";
			dstSubfolderSpec = 16;
			files = (
				0A2E95022D464FBC00224218 /* InterShareAppClip.app in Embed App Clips */,
			);
			name = "Embed App Clips";
			runOnlyForDeploymentPostprocessing = 0;
		};
		0A2E950C2D465AEF00224218 /* Embed Frameworks */ = {
			isa = PBXCopyFilesBuildPhase;
			buildActionMask = 2147483647;
			dstPath = "";
			dstSubfolderSpec = 10;
			files = (
				0A2E950B2D465AEF00224218 /* InterShareSDKFFI.xcframework in Embed Frameworks */,
			);
			name = "Embed Frameworks";
			runOnlyForDeploymentPostprocessing = 0;
		};
		0A69D43A2CC3E3BF0066A19E /* Embed Foundation Extensions */ = {
			isa = PBXCopyFilesBuildPhase;
			buildActionMask = 2147483647;
			dstPath = "";
			dstSubfolderSpec = 13;
			files = (
				0A5E3F1D2CC5A09300AA2A27 /* MacShareExtension.appex in Embed Foundation Extensions */,
				0A69D4392CC3E3BF0066A19E /* ShareExtension.appex in Embed Foundation Extensions */,
			);
			name = "Embed Foundation Extensions";
			runOnlyForDeploymentPostprocessing = 0;
		};
/* End PBXCopyFilesBuildPhase section */

/* Begin PBXFileReference section */
		0A0479E8299D56A200CF5566 /* DeviceListItem.swift */ = {isa = PBXFileReference; lastKnownFileType = sourcecode.swift; path = DeviceListItem.swift; sourceTree = "<group>"; };
		0A0479EA299D61DF00CF5566 /* ViewExtension.swift */ = {isa = PBXFileReference; lastKnownFileType = sourcecode.swift; path = ViewExtension.swift; sourceTree = "<group>"; };
		0A10652A2CC533EF002C8745 /* BluetoothDisabledWarningView.swift */ = {isa = PBXFileReference; lastKnownFileType = sourcecode.swift; path = BluetoothDisabledWarningView.swift; sourceTree = "<group>"; };
		0A10652D2CC53870002C8745 /* ReadyToReceiveView.swift */ = {isa = PBXFileReference; lastKnownFileType = sourcecode.swift; path = ReadyToReceiveView.swift; sourceTree = "<group>"; };
		0A1065302CC55BCA002C8745 /* ConnectionRequestView.swift */ = {isa = PBXFileReference; lastKnownFileType = sourcecode.swift; path = ConnectionRequestView.swift; sourceTree = "<group>"; };
		0A19E44A2B5C48E3007DB15A /* PulseView.swift */ = {isa = PBXFileReference; lastKnownFileType = sourcecode.swift; path = PulseView.swift; sourceTree = "<group>"; };
		0A1C35232B60F32200BBE6C3 /* ShareView.swift */ = {isa = PBXFileReference; lastKnownFileType = sourcecode.swift; path = ShareView.swift; sourceTree = "<group>"; };
		0A2686112CC5B74A0011A9FD /* MenuButtonView.swift */ = {isa = PBXFileReference; lastKnownFileType = sourcecode.swift; path = MenuButtonView.swift; sourceTree = "<group>"; };
		0A2E94F32D464FBA00224218 /* InterShareAppClip.app */ = {isa = PBXFileReference; explicitFileType = wrapper.application; includeInIndex = 0; path = InterShareAppClip.app; sourceTree = BUILT_PRODUCTS_DIR; };
		0A435E0A2A6F0F78008161DB /* Info.plist */ = {isa = PBXFileReference; lastKnownFileType = text.plist; path = Info.plist; sourceTree = "<group>"; };
		0A5CFECB2B4894AD0004247E /* DataRCTFFI.xcframework */ = {isa = PBXFileReference; lastKnownFileType = wrapper.xcframework; name = DataRCTFFI.xcframework; path = "../../intershare-sdk/bindings/swift/DataRCTFFI.xcframework"; sourceTree = "<group>"; };
		0A5E3F102CC5A09300AA2A27 /* MacShareExtension.appex */ = {isa = PBXFileReference; explicitFileType = "wrapper.app-extension"; includeInIndex = 0; path = MacShareExtension.appex; sourceTree = BUILT_PRODUCTS_DIR; };
		0A69D42F2CC3E3BF0066A19E /* ShareExtension.appex */ = {isa = PBXFileReference; explicitFileType = "wrapper.app-extension"; includeInIndex = 0; path = ShareExtension.appex; sourceTree = BUILT_PRODUCTS_DIR; };
		0A6C60C22A88D2AD003ADA7A /* IpHelper.swift */ = {isa = PBXFileReference; lastKnownFileType = sourcecode.swift; path = IpHelper.swift; sourceTree = "<group>"; };
		0A7C07462B8BFDF700209877 /* CircularProgressView.swift */ = {isa = PBXFileReference; lastKnownFileType = sourcecode.swift; path = CircularProgressView.swift; sourceTree = "<group>"; };
		0A8D6CC12CC5779000BD251F /* Package.swift */ = {isa = PBXFileReference; lastKnownFileType = sourcecode.swift; name = Package.swift; path = ../../../DynamicNotchKit/Package.swift; sourceTree = "<group>"; };
		0A98C7CC2B9A708E00BBD4C0 /* ContentView+mac.swift */ = {isa = PBXFileReference; lastKnownFileType = sourcecode.swift; path = "ContentView+mac.swift"; sourceTree = "<group>"; };
		0A98C7CE2B9A722E00BBD4C0 /* VisualEffectView.swift */ = {isa = PBXFileReference; lastKnownFileType = sourcecode.swift; path = VisualEffectView.swift; sourceTree = "<group>"; };
		0A9D71EE2B63AEA700618EA7 /* DiscoveryService.swift */ = {isa = PBXFileReference; lastKnownFileType = sourcecode.swift; path = DiscoveryService.swift; sourceTree = "<group>"; };
		0ABCB54F2D20161F00439A47 /* GalleryService.swift */ = {isa = PBXFileReference; lastKnownFileType = sourcecode.swift; path = GalleryService.swift; sourceTree = "<group>"; };
		0ABEE9E82D57EF2900BFC4BC /* ViewExtensions.swift */ = {isa = PBXFileReference; lastKnownFileType = sourcecode.swift; path = ViewExtensions.swift; sourceTree = "<group>"; };
		0ACD8C6C2B6AC8CD00F83E75 /* ReceiveContentView.swift */ = {isa = PBXFileReference; lastKnownFileType = sourcecode.swift; path = ReceiveContentView.swift; sourceTree = "<group>"; };
		0ACD8C702B6ACC6D00F83E75 /* Helper.swift */ = {isa = PBXFileReference; lastKnownFileType = sourcecode.swift; path = Helper.swift; sourceTree = "<group>"; };
		0AEC7C14299BA2FA005BBB0E /* InterShare.app */ = {isa = PBXFileReference; explicitFileType = wrapper.application; includeInIndex = 0; path = InterShare.app; sourceTree = BUILT_PRODUCTS_DIR; };
		0AEC7C17299BA2FA005BBB0E /* InterShareApp.swift */ = {isa = PBXFileReference; lastKnownFileType = sourcecode.swift; path = InterShareApp.swift; sourceTree = "<group>"; };
		0AEC7C19299BA2FA005BBB0E /* ContentView+iOS.swift */ = {isa = PBXFileReference; lastKnownFileType = sourcecode.swift; path = "ContentView+iOS.swift"; sourceTree = "<group>"; };
		0AEC7C1B299BA2FB005BBB0E /* Assets.xcassets */ = {isa = PBXFileReference; lastKnownFileType = folder.assetcatalog; path = Assets.xcassets; sourceTree = "<group>"; };
		0AEC7C1D299BA2FB005BBB0E /* InterShare.entitlements */ = {isa = PBXFileReference; lastKnownFileType = text.plist.entitlements; path = InterShare.entitlements; sourceTree = "<group>"; };
		0AEC7C1F299BA2FB005BBB0E /* Preview Assets.xcassets */ = {isa = PBXFileReference; lastKnownFileType = folder.assetcatalog; path = "Preview Assets.xcassets"; sourceTree = "<group>"; };
		0AF497122CC6B2190049DAC3 /* LocalNetworkAuthorization.swift */ = {isa = PBXFileReference; lastKnownFileType = sourcecode.swift; path = LocalNetworkAuthorization.swift; sourceTree = "<group>"; };
		0AF497182CC6E4570049DAC3 /* InterShareSDKFFI.xcframework */ = {isa = PBXFileReference; lastKnownFileType = wrapper.xcframework; name = InterShareSDKFFI.xcframework; path = "../../intershare-sdk/bindings/swift/InterShareSDKFFI.xcframework"; sourceTree = "<group>"; };
		0AF4A9DC2D87529300A8ACE9 /* ShareSheetView.swift */ = {isa = PBXFileReference; lastKnownFileType = sourcecode.swift; path = ShareSheetView.swift; sourceTree = "<group>"; };
		0AF4A9F22D87598E00A8ACE9 /* ShareWindow.swift */ = {isa = PBXFileReference; lastKnownFileType = sourcecode.swift; path = ShareWindow.swift; sourceTree = "<group>"; };
		0AF4A9F72D876E8000A8ACE9 /* ButtonStyle.swift */ = {isa = PBXFileReference; lastKnownFileType = sourcecode.swift; path = ButtonStyle.swift; sourceTree = "<group>"; };
/* End PBXFileReference section */

/* Begin PBXFileSystemSynchronizedBuildFileExceptionSet section */
		0A1065202CC3E979002C8745 /* PBXFileSystemSynchronizedBuildFileExceptionSet */ = {
			isa = PBXFileSystemSynchronizedBuildFileExceptionSet;
			membershipExceptions = (
				ContentViewModel.swift,
				ReceiveProgress.swift,
				ShareViewModel.swift,
			);
			target = 0A69D42E2CC3E3BF0066A19E /* ShareExtension */;
		};
		0A2E95032D464FBC00224218 /* PBXFileSystemSynchronizedBuildFileExceptionSet */ = {
			isa = PBXFileSystemSynchronizedBuildFileExceptionSet;
			membershipExceptions = (
				Info.plist,
			);
			target = 0A2E94F22D464FBA00224218 /* InterShareAppClip */;
		};
		0A5E3F1E2CC5A09300AA2A27 /* PBXFileSystemSynchronizedBuildFileExceptionSet */ = {
			isa = PBXFileSystemSynchronizedBuildFileExceptionSet;
			membershipExceptions = (
				Info.plist,
			);
			target = 0A5E3F0F2CC5A09300AA2A27 /* MacShareExtension */;
		};
		0A5E3F2C2CC5A11F00AA2A27 /* PBXFileSystemSynchronizedBuildFileExceptionSet */ = {
			isa = PBXFileSystemSynchronizedBuildFileExceptionSet;
			membershipExceptions = (
				ContentViewModel.swift,
				ReceiveProgress.swift,
				ShareViewModel.swift,
			);
			target = 0A5E3F0F2CC5A09300AA2A27 /* MacShareExtension */;
		};
		0A69D43D2CC3E3BF0066A19E /* PBXFileSystemSynchronizedBuildFileExceptionSet */ = {
			isa = PBXFileSystemSynchronizedBuildFileExceptionSet;
			membershipExceptions = (
				Info.plist,
			);
			target = 0A69D42E2CC3E3BF0066A19E /* ShareExtension */;
		};
/* End PBXFileSystemSynchronizedBuildFileExceptionSet section */

/* Begin PBXFileSystemSynchronizedRootGroup section */
		0A2E94F42D464FBA00224218 /* InterShareAppClip */ = {isa = PBXFileSystemSynchronizedRootGroup; exceptions = (0A2E95032D464FBC00224218 /* PBXFileSystemSynchronizedBuildFileExceptionSet */, ); explicitFileTypes = {}; explicitFolders = (); path = InterShareAppClip; sourceTree = "<group>"; };
		0A5E3F112CC5A09300AA2A27 /* MacShareExtension */ = {isa = PBXFileSystemSynchronizedRootGroup; exceptions = (0A5E3F1E2CC5A09300AA2A27 /* PBXFileSystemSynchronizedBuildFileExceptionSet */, ); explicitFileTypes = {}; explicitFolders = (); path = MacShareExtension; sourceTree = "<group>"; };
		0A653D022D8F092400FB7846 /* Models */ = {isa = PBXFileSystemSynchronizedRootGroup; explicitFileTypes = {}; explicitFolders = (); path = Models; sourceTree = "<group>"; };
		0A69D4302CC3E3BF0066A19E /* ShareExtension */ = {isa = PBXFileSystemSynchronizedRootGroup; exceptions = (0A69D43D2CC3E3BF0066A19E /* PBXFileSystemSynchronizedBuildFileExceptionSet */, ); explicitFileTypes = {}; explicitFolders = (); path = ShareExtension; sourceTree = "<group>"; };
		0A69D4402CC3E7AD0066A19E /* ViewModels */ = {isa = PBXFileSystemSynchronizedRootGroup; exceptions = (0A1065202CC3E979002C8745 /* PBXFileSystemSynchronizedBuildFileExceptionSet */, 0A5E3F2C2CC5A11F00AA2A27 /* PBXFileSystemSynchronizedBuildFileExceptionSet */, ); explicitFileTypes = {}; explicitFolders = (); path = ViewModels; sourceTree = "<group>"; };
/* End PBXFileSystemSynchronizedRootGroup section */

/* Begin PBXFrameworksBuildPhase section */
		0A2E94F02D464FBA00224218 /* Frameworks */ = {
			isa = PBXFrameworksBuildPhase;
			buildActionMask = 2147483647;
			files = (
				0A2E95092D465AE900224218 /* InterShareKit in Frameworks */,
				0A2E950F2D46862100224218 /* FluidGradient in Frameworks */,
				0A2E950A2D465AEF00224218 /* InterShareSDKFFI.xcframework in Frameworks */,
			);
			runOnlyForDeploymentPostprocessing = 0;
		};
		0A5E3F0D2CC5A09300AA2A27 /* Frameworks */ = {
			isa = PBXFrameworksBuildPhase;
			buildActionMask = 2147483647;
			files = (
				0AF497202CC6E4710049DAC3 /* InterShareKit in Frameworks */,
				0A5E3F302CC5A12400AA2A27 /* DynamicNotchKit in Frameworks */,
				0AF497212CC6E4710049DAC3 /* InterShareSDKFFI.xcframework in Frameworks */,
			);
			runOnlyForDeploymentPostprocessing = 0;
		};
		0A69D42C2CC3E3BF0066A19E /* Frameworks */ = {
			isa = PBXFrameworksBuildPhase;
			buildActionMask = 2147483647;
			files = (
				0AF4971B2CC6E46A0049DAC3 /* InterShareKit in Frameworks */,
				0AF4971C2CC6E46A0049DAC3 /* InterShareSDKFFI.xcframework in Frameworks */,
			);
			runOnlyForDeploymentPostprocessing = 0;
		};
		0AEC7C11299BA2FA005BBB0E /* Frameworks */ = {
			isa = PBXFrameworksBuildPhase;
			buildActionMask = 2147483647;
			files = (
				0A5E3EE72CC59C7200AA2A27 /* DynamicNotchKit in Frameworks */,
				0AF4AA4F2D87951F00A8ACE9 /* DSFDockTile in Frameworks */,
				0AF497172CC6E42D0049DAC3 /* InterShareKit in Frameworks */,
				0A8D6CC42CC577AD00BD251F /* DynamicNotchKit in Frameworks */,
				0A20C22B2CC7B7860005A338 /* InterShareSDKFFI.xcframework in Frameworks */,
			);
			runOnlyForDeploymentPostprocessing = 0;
		};
/* End PBXFrameworksBuildPhase section */

/* Begin PBXGroup section */
		0A69D43F2CC3E7320066A19E /* Shared */ = {
			isa = PBXGroup;
			children = (
				0A653D022D8F092400FB7846 /* Models */,
				0AF4A9F72D876E8000A8ACE9 /* ButtonStyle.swift */,
				0ABEE9E82D57EF2900BFC4BC /* ViewExtensions.swift */,
				0AF497122CC6B2190049DAC3 /* LocalNetworkAuthorization.swift */,
				0A69D4402CC3E7AD0066A19E /* ViewModels */,
				0A0479E8299D56A200CF5566 /* DeviceListItem.swift */,
				0AF4A9DC2D87529300A8ACE9 /* ShareSheetView.swift */,
				0A1C35232B60F32200BBE6C3 /* ShareView.swift */,
				0A7C07462B8BFDF700209877 /* CircularProgressView.swift */,
				0A10652A2CC533EF002C8745 /* BluetoothDisabledWarningView.swift */,
				0A1065302CC55BCA002C8745 /* ConnectionRequestView.swift */,
				0ACD8C702B6ACC6D00F83E75 /* Helper.swift */,
				0A9D71E92B624E1800618EA7 /* Services */,
			);
			path = Shared;
			sourceTree = "<group>";
		};
		0A98C7CA2B9A6FFA00BBD4C0 /* Mac */ = {
			isa = PBXGroup;
			children = (
				0AF4A9F22D87598E00A8ACE9 /* ShareWindow.swift */,
				0A98C7CC2B9A708E00BBD4C0 /* ContentView+mac.swift */,
				0A98C7CE2B9A722E00BBD4C0 /* VisualEffectView.swift */,
				0A2686112CC5B74A0011A9FD /* MenuButtonView.swift */,
			);
			path = Mac;
			sourceTree = "<group>";
		};
		0A98C7CB2B9A700D00BBD4C0 /* iOS */ = {
			isa = PBXGroup;
			children = (
				0AEC7C19299BA2FA005BBB0E /* ContentView+iOS.swift */,
			);
			path = iOS;
			sourceTree = "<group>";
		};
		0A9D71E92B624E1800618EA7 /* Services */ = {
			isa = PBXGroup;
			children = (
				0A9D71EE2B63AEA700618EA7 /* DiscoveryService.swift */,
				0ABCB54F2D20161F00439A47 /* GalleryService.swift */,
			);
			path = Services;
			sourceTree = "<group>";
		};
		0AEC7C0B299BA2FA005BBB0E = {
			isa = PBXGroup;
			children = (
				0A69D43F2CC3E7320066A19E /* Shared */,
				0AEC7C28299BA385005BBB0E /* Packages */,
				0AEC7C16299BA2FA005BBB0E /* InterShare */,
				0A69D4302CC3E3BF0066A19E /* ShareExtension */,
				0A5E3F112CC5A09300AA2A27 /* MacShareExtension */,
				0A2E94F42D464FBA00224218 /* InterShareAppClip */,
				0AEC7C15299BA2FA005BBB0E /* Products */,
				0AEC7C26299BA324005BBB0E /* Frameworks */,
			);
			sourceTree = "<group>";
		};
		0AEC7C15299BA2FA005BBB0E /* Products */ = {
			isa = PBXGroup;
			children = (
				0AEC7C14299BA2FA005BBB0E /* InterShare.app */,
				0A69D42F2CC3E3BF0066A19E /* ShareExtension.appex */,
				0A5E3F102CC5A09300AA2A27 /* MacShareExtension.appex */,
				0A2E94F32D464FBA00224218 /* InterShareAppClip.app */,
			);
			name = Products;
			sourceTree = "<group>";
		};
		0AEC7C16299BA2FA005BBB0E /* InterShare */ = {
			isa = PBXGroup;
			children = (
				0A435E0A2A6F0F78008161DB /* Info.plist */,
				0AEC7C30299CD2D6005BBB0E /* Views */,
				0AEC7C17299BA2FA005BBB0E /* InterShareApp.swift */,
				0AEC7C1B299BA2FB005BBB0E /* Assets.xcassets */,
				0AEC7C1D299BA2FB005BBB0E /* InterShare.entitlements */,
				0AEC7C1E299BA2FB005BBB0E /* Preview Content */,
				0A0479EA299D61DF00CF5566 /* ViewExtension.swift */,
				0A6C60C22A88D2AD003ADA7A /* IpHelper.swift */,
			);
			path = InterShare;
			sourceTree = "<group>";
		};
		0AEC7C1E299BA2FB005BBB0E /* Preview Content */ = {
			isa = PBXGroup;
			children = (
				0AEC7C1F299BA2FB005BBB0E /* Preview Assets.xcassets */,
			);
			path = "Preview Content";
			sourceTree = "<group>";
		};
		0AEC7C26299BA324005BBB0E /* Frameworks */ = {
			isa = PBXGroup;
			children = (
				0AF497182CC6E4570049DAC3 /* InterShareSDKFFI.xcframework */,
				0A8D6CC12CC5779000BD251F /* Package.swift */,
				0A5CFECB2B4894AD0004247E /* DataRCTFFI.xcframework */,
			);
			name = Frameworks;
			sourceTree = "<group>";
		};
		0AEC7C28299BA385005BBB0E /* Packages */ = {
			isa = PBXGroup;
			children = (
			);
			name = Packages;
			sourceTree = "<group>";
		};
		0AEC7C30299CD2D6005BBB0E /* Views */ = {
			isa = PBXGroup;
			children = (
				0A98C7CB2B9A700D00BBD4C0 /* iOS */,
				0A98C7CA2B9A6FFA00BBD4C0 /* Mac */,
				0A19E44A2B5C48E3007DB15A /* PulseView.swift */,
				0ACD8C6C2B6AC8CD00F83E75 /* ReceiveContentView.swift */,
				0A10652D2CC53870002C8745 /* ReadyToReceiveView.swift */,
			);
			path = Views;
			sourceTree = "<group>";
		};
/* End PBXGroup section */

/* Begin PBXNativeTarget section */
		0A2E94F22D464FBA00224218 /* InterShareAppClip */ = {
			isa = PBXNativeTarget;
			buildConfigurationList = 0A2E95042D464FBC00224218 /* Build configuration list for PBXNativeTarget "InterShareAppClip" */;
			buildPhases = (
				0A2E94EF2D464FBA00224218 /* Sources */,
				0A2E94F02D464FBA00224218 /* Frameworks */,
				0A2E94F12D464FBA00224218 /* Resources */,
				0A2E950C2D465AEF00224218 /* Embed Frameworks */,
			);
			buildRules = (
			);
			dependencies = (
			);
			fileSystemSynchronizedGroups = (
				0A2E94F42D464FBA00224218 /* InterShareAppClip */,
			);
			name = InterShareAppClip;
			packageProductDependencies = (
				0A2E95082D465AE900224218 /* InterShareKit */,
				0A2E950E2D46862100224218 /* FluidGradient */,
			);
			productName = InterShareAppClip;
			productReference = 0A2E94F32D464FBA00224218 /* InterShareAppClip.app */;
			productType = "com.apple.product-type.application.on-demand-install-capable";
		};
		0A5E3F0F2CC5A09300AA2A27 /* MacShareExtension */ = {
			isa = PBXNativeTarget;
			buildConfigurationList = 0A5E3F1F2CC5A09300AA2A27 /* Build configuration list for PBXNativeTarget "MacShareExtension" */;
			buildPhases = (
				0A5E3F0C2CC5A09300AA2A27 /* Sources */,
				0A5E3F0D2CC5A09300AA2A27 /* Frameworks */,
				0A5E3F0E2CC5A09300AA2A27 /* Resources */,
			);
			buildRules = (
			);
			dependencies = (
			);
			fileSystemSynchronizedGroups = (
				0A5E3F112CC5A09300AA2A27 /* MacShareExtension */,
				0A653D022D8F092400FB7846 /* Models */,
			);
			name = MacShareExtension;
			packageProductDependencies = (
				0A5E3F2F2CC5A12400AA2A27 /* DynamicNotchKit */,
				0AF4971F2CC6E4710049DAC3 /* InterShareKit */,
			);
			productName = MacShareExtension;
			productReference = 0A5E3F102CC5A09300AA2A27 /* MacShareExtension.appex */;
			productType = "com.apple.product-type.app-extension";
		};
		0A69D42E2CC3E3BF0066A19E /* ShareExtension */ = {
			isa = PBXNativeTarget;
			buildConfigurationList = 0A69D43E2CC3E3BF0066A19E /* Build configuration list for PBXNativeTarget "ShareExtension" */;
			buildPhases = (
				0A69D42B2CC3E3BF0066A19E /* Sources */,
				0A69D42C2CC3E3BF0066A19E /* Frameworks */,
				0A69D42D2CC3E3BF0066A19E /* Resources */,
			);
			buildRules = (
			);
			dependencies = (
			);
			fileSystemSynchronizedGroups = (
				0A653D022D8F092400FB7846 /* Models */,
				0A69D4302CC3E3BF0066A19E /* ShareExtension */,
			);
			name = ShareExtension;
			packageProductDependencies = (
				0AF4971A2CC6E46A0049DAC3 /* InterShareKit */,
			);
			productName = ShareExtension;
			productReference = 0A69D42F2CC3E3BF0066A19E /* ShareExtension.appex */;
			productType = "com.apple.product-type.app-extension";
		};
		0AEC7C13299BA2FA005BBB0E /* InterShare */ = {
			isa = PBXNativeTarget;
			buildConfigurationList = 0AEC7C23299BA2FB005BBB0E /* Build configuration list for PBXNativeTarget "InterShare" */;
			buildPhases = (
				0AEC7C10299BA2FA005BBB0E /* Sources */,
				0AEC7C11299BA2FA005BBB0E /* Frameworks */,
				0AEC7C12299BA2FA005BBB0E /* Resources */,
				0A69D43A2CC3E3BF0066A19E /* Embed Foundation Extensions */,
				0A2E95072D464FBC00224218 /* Embed App Clips */,
			);
			buildRules = (
			);
			dependencies = (
				0A69D4382CC3E3BF0066A19E /* PBXTargetDependency */,
				0A5E3F1C2CC5A09300AA2A27 /* PBXTargetDependency */,
			);
			fileSystemSynchronizedGroups = (
				0A653D022D8F092400FB7846 /* Models */,
				0A69D4402CC3E7AD0066A19E /* ViewModels */,
			);
			name = InterShare;
			packageProductDependencies = (
				0A8D6CC32CC577AD00BD251F /* DynamicNotchKit */,
				0A5E3EE62CC59C7200AA2A27 /* DynamicNotchKit */,
				0AF497162CC6E42D0049DAC3 /* InterShareKit */,
				0AF4AA4E2D87951F00A8ACE9 /* DSFDockTile */,
			);
			productName = InterShare;
			productReference = 0AEC7C14299BA2FA005BBB0E /* InterShare.app */;
			productType = "com.apple.product-type.application";
		};
/* End PBXNativeTarget section */

/* Begin PBXProject section */
		0AEC7C0C299BA2FA005BBB0E /* Project object */ = {
			isa = PBXProject;
			attributes = {
				BuildIndependentTargetsInParallel = 1;
				LastSwiftUpdateCheck = 1620;
				LastUpgradeCheck = 1420;
				TargetAttributes = {
					0A2E94F22D464FBA00224218 = {
						CreatedOnToolsVersion = 16.2;
					};
					0A5E3F0F2CC5A09300AA2A27 = {
						CreatedOnToolsVersion = 16.0;
					};
					0A69D42E2CC3E3BF0066A19E = {
						CreatedOnToolsVersion = 16.0;
					};
					0AEC7C13299BA2FA005BBB0E = {
						CreatedOnToolsVersion = 14.2;
					};
				};
			};
			buildConfigurationList = 0AEC7C0F299BA2FA005BBB0E /* Build configuration list for PBXProject "InterShare" */;
			compatibilityVersion = "Xcode 14.0";
			developmentRegion = en;
			hasScannedForEncodings = 0;
			knownRegions = (
				en,
				Base,
			);
			mainGroup = 0AEC7C0B299BA2FA005BBB0E;
			packageReferences = (
				0AFC33862B3F0DD800448B3B /* XCLocalSwiftPackageReference "../../intershare-sdk" */,
				0A5E3EE52CC59C7200AA2A27 /* XCLocalSwiftPackageReference "../../../DynamicNotchKit" */,
				0A2E950D2D46853900224218 /* XCRemoteSwiftPackageReference "FluidGradient" */,
				0AF4AA4D2D87951F00A8ACE9 /* XCRemoteSwiftPackageReference "DSFDockTile" */,
			);
			productRefGroup = 0AEC7C15299BA2FA005BBB0E /* Products */;
			projectDirPath = "";
			projectRoot = "";
			targets = (
				0AEC7C13299BA2FA005BBB0E /* InterShare */,
				0A69D42E2CC3E3BF0066A19E /* ShareExtension */,
				0A5E3F0F2CC5A09300AA2A27 /* MacShareExtension */,
				0A2E94F22D464FBA00224218 /* InterShareAppClip */,
			);
		};
/* End PBXProject section */

/* Begin PBXResourcesBuildPhase section */
		0A2E94F12D464FBA00224218 /* Resources */ = {
			isa = PBXResourcesBuildPhase;
			buildActionMask = 2147483647;
			files = (
			);
			runOnlyForDeploymentPostprocessing = 0;
		};
		0A5E3F0E2CC5A09300AA2A27 /* Resources */ = {
			isa = PBXResourcesBuildPhase;
			buildActionMask = 2147483647;
			files = (
				0A653D372D90554E00FB7846 /* Assets.xcassets in Resources */,
			);
			runOnlyForDeploymentPostprocessing = 0;
		};
		0A69D42D2CC3E3BF0066A19E /* Resources */ = {
			isa = PBXResourcesBuildPhase;
			buildActionMask = 2147483647;
			files = (
				0A653D362D90554E00FB7846 /* Assets.xcassets in Resources */,
			);
			runOnlyForDeploymentPostprocessing = 0;
		};
		0AEC7C12299BA2FA005BBB0E /* Resources */ = {
			isa = PBXResourcesBuildPhase;
			buildActionMask = 2147483647;
			files = (
				0AEC7C20299BA2FB005BBB0E /* Preview Assets.xcassets in Resources */,
				0AEC7C1C299BA2FB005BBB0E /* Assets.xcassets in Resources */,
			);
			runOnlyForDeploymentPostprocessing = 0;
		};
/* End PBXResourcesBuildPhase section */

/* Begin PBXSourcesBuildPhase section */
		0A2E94EF2D464FBA00224218 /* Sources */ = {
			isa = PBXSourcesBuildPhase;
			buildActionMask = 2147483647;
			files = (
			);
			runOnlyForDeploymentPostprocessing = 0;
		};
		0A5E3F0C2CC5A09300AA2A27 /* Sources */ = {
			isa = PBXSourcesBuildPhase;
			buildActionMask = 2147483647;
			files = (
				0AF497152CC6B6B10049DAC3 /* LocalNetworkAuthorization.swift in Sources */,
				0A5E3F252CC5A11F00AA2A27 /* DeviceListItem.swift in Sources */,
				0A5E3F262CC5A11F00AA2A27 /* ShareView.swift in Sources */,
				0A5E3F272CC5A11F00AA2A27 /* CircularProgressView.swift in Sources */,
				0AF4A9DE2D87529300A8ACE9 /* ShareSheetView.swift in Sources */,
				0A5E3F282CC5A11F00AA2A27 /* BluetoothDisabledWarningView.swift in Sources */,
				0A5E3F292CC5A11F00AA2A27 /* ConnectionRequestView.swift in Sources */,
				0A5E3F2A2CC5A11F00AA2A27 /* Helper.swift in Sources */,
				0AF4A9FA2D876E8300A8ACE9 /* ButtonStyle.swift in Sources */,
				0A5E3F2B2CC5A11F00AA2A27 /* DiscoveryService.swift in Sources */,
				0ABCB5512D20161F00439A47 /* GalleryService.swift in Sources */,
				0ABEE9EA2D57EF3200BFC4BC /* ViewExtensions.swift in Sources */,
			);
			runOnlyForDeploymentPostprocessing = 0;
		};
		0A69D42B2CC3E3BF0066A19E /* Sources */ = {
			isa = PBXSourcesBuildPhase;
			buildActionMask = 2147483647;
			files = (
				0AF497142CC6B3380049DAC3 /* LocalNetworkAuthorization.swift in Sources */,
				0A10652B2CC533F9002C8745 /* BluetoothDisabledWarningView.swift in Sources */,
				0A1065242CC3EEDC002C8745 /* CircularProgressView.swift in Sources */,
				0ABEE9E92D57EF3200BFC4BC /* ViewExtensions.swift in Sources */,
				0ABCB5502D20161F00439A47 /* GalleryService.swift in Sources */,
				0A1065252CC3EEDC002C8745 /* DiscoveryService.swift in Sources */,
				0A1065232CC3EA3A002C8745 /* Helper.swift in Sources */,
				0A10651E2CC3E979002C8745 /* DeviceListItem.swift in Sources */,
				0A10651F2CC3E979002C8745 /* ShareView.swift in Sources */,
				0AF4A9F92D876E8300A8ACE9 /* ButtonStyle.swift in Sources */,
			);
			runOnlyForDeploymentPostprocessing = 0;
		};
		0AEC7C10299BA2FA005BBB0E /* Sources */ = {
			isa = PBXSourcesBuildPhase;
			buildActionMask = 2147483647;
			files = (
				0A1C35242B60F32200BBE6C3 /* ShareView.swift in Sources */,
				0AEC7C1A299BA2FA005BBB0E /* ContentView+iOS.swift in Sources */,
				0AF497132CC6B2190049DAC3 /* LocalNetworkAuthorization.swift in Sources */,
				0A2686122CC5B74A0011A9FD /* MenuButtonView.swift in Sources */,
				0ABCB5522D20161F00439A47 /* GalleryService.swift in Sources */,
				0AEC7C18299BA2FA005BBB0E /* InterShareApp.swift in Sources */,
				0A0479E9299D56A200CF5566 /* DeviceListItem.swift in Sources */,
				0A6C60C32A88D2AD003ADA7A /* IpHelper.swift in Sources */,
				0A9D71EF2B63AEA700618EA7 /* DiscoveryService.swift in Sources */,
				0ACD8C6D2B6AC8CD00F83E75 /* ReceiveContentView.swift in Sources */,
				0AF4A9F82D876E8300A8ACE9 /* ButtonStyle.swift in Sources */,
				0A7C07472B8BFDF700209877 /* CircularProgressView.swift in Sources */,
				0A98C7CD2B9A708E00BBD4C0 /* ContentView+mac.swift in Sources */,
				0A10652C2CC533F9002C8745 /* BluetoothDisabledWarningView.swift in Sources */,
				0ACD8C712B6ACC6D00F83E75 /* Helper.swift in Sources */,
				0ABEE9EB2D57EF3200BFC4BC /* ViewExtensions.swift in Sources */,
				0AF4A9F32D87598F00A8ACE9 /* ShareWindow.swift in Sources */,
				0A1065312CC55BCA002C8745 /* ConnectionRequestView.swift in Sources */,
				0A98C7CF2B9A722E00BBD4C0 /* VisualEffectView.swift in Sources */,
				0A10652E2CC53870002C8745 /* ReadyToReceiveView.swift in Sources */,
				0AF4A9F62D87673A00A8ACE9 /* ShareSheetView.swift in Sources */,
				0A19E44B2B5C48E3007DB15A /* PulseView.swift in Sources */,
				0A0479EB299D61DF00CF5566 /* ViewExtension.swift in Sources */,
			);
			runOnlyForDeploymentPostprocessing = 0;
		};
/* End PBXSourcesBuildPhase section */

/* Begin PBXTargetDependency section */
		0A5E3F1C2CC5A09300AA2A27 /* PBXTargetDependency */ = {
			isa = PBXTargetDependency;
			platformFilters = (
				macos,
			);
			target = 0A5E3F0F2CC5A09300AA2A27 /* MacShareExtension */;
			targetProxy = 0A5E3F1B2CC5A09300AA2A27 /* PBXContainerItemProxy */;
		};
		0A69D4382CC3E3BF0066A19E /* PBXTargetDependency */ = {
			isa = PBXTargetDependency;
			platformFilter = ios;
			target = 0A69D42E2CC3E3BF0066A19E /* ShareExtension */;
			targetProxy = 0A69D4372CC3E3BF0066A19E /* PBXContainerItemProxy */;
		};
/* End PBXTargetDependency section */

/* Begin XCBuildConfiguration section */
		0A2E95052D464FBC00224218 /* Debug */ = {
			isa = XCBuildConfiguration;
			buildSettings = {
				ASSETCATALOG_COMPILER_APPICON_NAME = AppIcon;
				ASSETCATALOG_COMPILER_GENERATE_SWIFT_ASSET_SYMBOL_EXTENSIONS = YES;
				ASSETCATALOG_COMPILER_GLOBAL_ACCENT_COLOR_NAME = AccentColor;
				CODE_SIGN_ENTITLEMENTS = InterShareAppClip/InterShareAppClip.entitlements;
				CODE_SIGN_IDENTITY = "Apple Development";
				CODE_SIGN_STYLE = Automatic;
				CURRENT_PROJECT_VERSION = 8;
				DEVELOPMENT_ASSET_PATHS = "\"InterShareAppClip/Preview Content\"";
				DEVELOPMENT_TEAM = PBYG8F53RH;
				ENABLE_PREVIEWS = YES;
				ENABLE_USER_SCRIPT_SANDBOXING = YES;
				GCC_C_LANGUAGE_STANDARD = gnu17;
				GENERATE_INFOPLIST_FILE = YES;
				INFOPLIST_FILE = InterShareAppClip/Info.plist;
				INFOPLIST_KEY_CFBundleDisplayName = InterShare;
				INFOPLIST_KEY_NSBluetoothAlwaysUsageDescription = "InterShare requires Bluetooth to discover, connect, and communicate with nearby devices for secure file transfers when a shared Wi-Fi network is unavailable.";
				INFOPLIST_KEY_NSLocalNetworkUsageDescription = "InterShare requires access to the local Wi-Fi network to discover, connect, and transfer files between devices quickly and securely, without needing an internet connection.";
				INFOPLIST_KEY_UIApplicationSceneManifest_Generation = YES;
				INFOPLIST_KEY_UIApplicationSupportsIndirectInputEvents = YES;
				INFOPLIST_KEY_UILaunchScreen_Generation = YES;
				INFOPLIST_KEY_UISupportedInterfaceOrientations_iPad = "UIInterfaceOrientationPortrait UIInterfaceOrientationPortraitUpsideDown UIInterfaceOrientationLandscapeLeft UIInterfaceOrientationLandscapeRight";
				INFOPLIST_KEY_UISupportedInterfaceOrientations_iPhone = "UIInterfaceOrientationPortrait UIInterfaceOrientationLandscapeLeft UIInterfaceOrientationLandscapeRight";
				IPHONEOS_DEPLOYMENT_TARGET = 18.2;
				LD_RUNPATH_SEARCH_PATHS = (
					"$(inherited)",
					"@executable_path/Frameworks",
				);
				LOCALIZATION_PREFERS_STRING_CATALOGS = YES;
				MARKETING_VERSION = 0.1.4;
				PRODUCT_BUNDLE_IDENTIFIER = "com.julian-baumann.InterShare.Clip";
				PRODUCT_NAME = "$(TARGET_NAME)";
				SDKROOT = iphoneos;
				SWIFT_ACTIVE_COMPILATION_CONDITIONS = "DEBUG $(inherited)";
				SWIFT_EMIT_LOC_STRINGS = YES;
				SWIFT_VERSION = 5.0;
				TARGETED_DEVICE_FAMILY = "1,2";
			};
			name = Debug;
		};
		0A2E95062D464FBC00224218 /* Release */ = {
			isa = XCBuildConfiguration;
			buildSettings = {
				ASSETCATALOG_COMPILER_APPICON_NAME = AppIcon;
				ASSETCATALOG_COMPILER_GENERATE_SWIFT_ASSET_SYMBOL_EXTENSIONS = YES;
				ASSETCATALOG_COMPILER_GLOBAL_ACCENT_COLOR_NAME = AccentColor;
				CODE_SIGN_ENTITLEMENTS = InterShareAppClip/InterShareAppClip.entitlements;
				CODE_SIGN_IDENTITY = "Apple Development";
				CODE_SIGN_STYLE = Automatic;
				CURRENT_PROJECT_VERSION = 8;
				DEVELOPMENT_ASSET_PATHS = "\"InterShareAppClip/Preview Content\"";
				DEVELOPMENT_TEAM = PBYG8F53RH;
				ENABLE_PREVIEWS = YES;
				ENABLE_USER_SCRIPT_SANDBOXING = YES;
				GCC_C_LANGUAGE_STANDARD = gnu17;
				GENERATE_INFOPLIST_FILE = YES;
				INFOPLIST_FILE = InterShareAppClip/Info.plist;
				INFOPLIST_KEY_CFBundleDisplayName = InterShare;
				INFOPLIST_KEY_NSBluetoothAlwaysUsageDescription = "InterShare requires Bluetooth to discover, connect, and communicate with nearby devices for secure file transfers when a shared Wi-Fi network is unavailable.";
				INFOPLIST_KEY_NSLocalNetworkUsageDescription = "InterShare requires access to the local Wi-Fi network to discover, connect, and transfer files between devices quickly and securely, without needing an internet connection.";
				INFOPLIST_KEY_UIApplicationSceneManifest_Generation = YES;
				INFOPLIST_KEY_UIApplicationSupportsIndirectInputEvents = YES;
				INFOPLIST_KEY_UILaunchScreen_Generation = YES;
				INFOPLIST_KEY_UISupportedInterfaceOrientations_iPad = "UIInterfaceOrientationPortrait UIInterfaceOrientationPortraitUpsideDown UIInterfaceOrientationLandscapeLeft UIInterfaceOrientationLandscapeRight";
				INFOPLIST_KEY_UISupportedInterfaceOrientations_iPhone = "UIInterfaceOrientationPortrait UIInterfaceOrientationLandscapeLeft UIInterfaceOrientationLandscapeRight";
				IPHONEOS_DEPLOYMENT_TARGET = 18.2;
				LD_RUNPATH_SEARCH_PATHS = (
					"$(inherited)",
					"@executable_path/Frameworks",
				);
				LOCALIZATION_PREFERS_STRING_CATALOGS = YES;
				MARKETING_VERSION = 0.1.4;
				PRODUCT_BUNDLE_IDENTIFIER = "com.julian-baumann.InterShare.Clip";
				PRODUCT_NAME = "$(TARGET_NAME)";
				SDKROOT = iphoneos;
				SWIFT_EMIT_LOC_STRINGS = YES;
				SWIFT_VERSION = 5.0;
				TARGETED_DEVICE_FAMILY = "1,2";
				VALIDATE_PRODUCT = YES;
			};
			name = Release;
		};
		0A5E3F202CC5A09300AA2A27 /* Debug */ = {
			isa = XCBuildConfiguration;
			buildSettings = {
				ASSETCATALOG_COMPILER_GENERATE_SWIFT_ASSET_SYMBOL_EXTENSIONS = YES;
				CODE_SIGN_ENTITLEMENTS = MacShareExtension/MacShareExtension.entitlements;
				CODE_SIGN_IDENTITY = "Apple Development";
				CODE_SIGN_STYLE = Automatic;
				COMBINE_HIDPI_IMAGES = YES;
				CURRENT_PROJECT_VERSION = 1;
				DEVELOPMENT_TEAM = PBYG8F53RH;
				ENABLE_HARDENED_RUNTIME = YES;
				ENABLE_USER_SCRIPT_SANDBOXING = YES;
				GCC_C_LANGUAGE_STANDARD = gnu17;
				GENERATE_INFOPLIST_FILE = YES;
				INFOPLIST_FILE = MacShareExtension/Info.plist;
				INFOPLIST_KEY_CFBundleDisplayName = InterShare;
				INFOPLIST_KEY_NSHumanReadableCopyright = "";
				LD_RUNPATH_SEARCH_PATHS = (
					"$(inherited)",
					"@executable_path/../Frameworks",
					"@executable_path/../../../../Frameworks",
				);
				LOCALIZATION_PREFERS_STRING_CATALOGS = YES;
				MACOSX_DEPLOYMENT_TARGET = 13.0;
				MARKETING_VERSION = 0.1.0;
				PRODUCT_BUNDLE_IDENTIFIER = "com.julian-baumann.InterShare.MacShareExtension";
				PRODUCT_NAME = "$(TARGET_NAME)";
				SDKROOT = macosx;
				SKIP_INSTALL = YES;
				SWIFT_ACTIVE_COMPILATION_CONDITIONS = "DEBUG $(inherited)";
				SWIFT_EMIT_LOC_STRINGS = YES;
				SWIFT_VERSION = 5.0;
			};
			name = Debug;
		};
		0A5E3F212CC5A09300AA2A27 /* Release */ = {
			isa = XCBuildConfiguration;
			buildSettings = {
				ASSETCATALOG_COMPILER_GENERATE_SWIFT_ASSET_SYMBOL_EXTENSIONS = YES;
				CODE_SIGN_ENTITLEMENTS = MacShareExtension/MacShareExtension.entitlements;
				CODE_SIGN_IDENTITY = "Apple Development";
				CODE_SIGN_STYLE = Automatic;
				COMBINE_HIDPI_IMAGES = YES;
				CURRENT_PROJECT_VERSION = 1;
				DEVELOPMENT_TEAM = PBYG8F53RH;
				ENABLE_HARDENED_RUNTIME = YES;
				ENABLE_USER_SCRIPT_SANDBOXING = YES;
				GCC_C_LANGUAGE_STANDARD = gnu17;
				GENERATE_INFOPLIST_FILE = YES;
				INFOPLIST_FILE = MacShareExtension/Info.plist;
				INFOPLIST_KEY_CFBundleDisplayName = InterShare;
				INFOPLIST_KEY_NSHumanReadableCopyright = "";
				LD_RUNPATH_SEARCH_PATHS = (
					"$(inherited)",
					"@executable_path/../Frameworks",
					"@executable_path/../../../../Frameworks",
				);
				LOCALIZATION_PREFERS_STRING_CATALOGS = YES;
				MACOSX_DEPLOYMENT_TARGET = 13.0;
				MARKETING_VERSION = 0.1.0;
				PRODUCT_BUNDLE_IDENTIFIER = "com.julian-baumann.InterShare.MacShareExtension";
				PRODUCT_NAME = "$(TARGET_NAME)";
				SDKROOT = macosx;
				SKIP_INSTALL = YES;
				SWIFT_EMIT_LOC_STRINGS = YES;
				SWIFT_VERSION = 5.0;
			};
			name = Release;
		};
		0A69D43B2CC3E3BF0066A19E /* Debug */ = {
			isa = XCBuildConfiguration;
			buildSettings = {
				ASSETCATALOG_COMPILER_GENERATE_SWIFT_ASSET_SYMBOL_EXTENSIONS = YES;
				CODE_SIGN_ENTITLEMENTS = ShareExtension/ShareExtension.entitlements;
				CODE_SIGN_IDENTITY = "Apple Development";
				CODE_SIGN_STYLE = Automatic;
				CURRENT_PROJECT_VERSION = 1;
				DEVELOPMENT_TEAM = PBYG8F53RH;
				ENABLE_USER_SCRIPT_SANDBOXING = YES;
				GCC_C_LANGUAGE_STANDARD = gnu17;
				GENERATE_INFOPLIST_FILE = YES;
				INFOPLIST_FILE = ShareExtension/Info.plist;
				INFOPLIST_KEY_CFBundleDisplayName = ShareExtension;
				INFOPLIST_KEY_NSBluetoothAlwaysUsageDescription = "InterShare needs Bluetooth to find nearby devices";
				INFOPLIST_KEY_NSHumanReadableCopyright = "";
				INFOPLIST_KEY_NSLocalNetworkUsageDescription = "This is needed for WiFi transfers";
				IPHONEOS_DEPLOYMENT_TARGET = 17.0;
				LD_RUNPATH_SEARCH_PATHS = (
					"$(inherited)",
					"@executable_path/Frameworks",
					"@executable_path/../../Frameworks",
				);
				LOCALIZATION_PREFERS_STRING_CATALOGS = YES;
				MARKETING_VERSION = 1.0;
				PRODUCT_BUNDLE_IDENTIFIER = "com.julian-baumann.InterShare.ShareExtension";
				PRODUCT_NAME = "$(TARGET_NAME)";
				SDKROOT = iphoneos;
				SKIP_INSTALL = YES;
				SWIFT_ACTIVE_COMPILATION_CONDITIONS = "DEBUG $(inherited)";
				SWIFT_EMIT_LOC_STRINGS = YES;
				SWIFT_VERSION = 5.0;
				TARGETED_DEVICE_FAMILY = "1,2";
			};
			name = Debug;
		};
		0A69D43C2CC3E3BF0066A19E /* Release */ = {
			isa = XCBuildConfiguration;
			buildSettings = {
				ASSETCATALOG_COMPILER_GENERATE_SWIFT_ASSET_SYMBOL_EXTENSIONS = YES;
				CODE_SIGN_ENTITLEMENTS = ShareExtension/ShareExtension.entitlements;
				CODE_SIGN_IDENTITY = "Apple Development";
				CODE_SIGN_STYLE = Automatic;
				CURRENT_PROJECT_VERSION = 1;
				DEVELOPMENT_TEAM = PBYG8F53RH;
				ENABLE_USER_SCRIPT_SANDBOXING = YES;
				GCC_C_LANGUAGE_STANDARD = gnu17;
				GENERATE_INFOPLIST_FILE = YES;
				INFOPLIST_FILE = ShareExtension/Info.plist;
				INFOPLIST_KEY_CFBundleDisplayName = ShareExtension;
				INFOPLIST_KEY_NSBluetoothAlwaysUsageDescription = "InterShare needs Bluetooth to find nearby devices";
				INFOPLIST_KEY_NSHumanReadableCopyright = "";
				INFOPLIST_KEY_NSLocalNetworkUsageDescription = "This is needed for WiFi transfers";
				IPHONEOS_DEPLOYMENT_TARGET = 17.0;
				LD_RUNPATH_SEARCH_PATHS = (
					"$(inherited)",
					"@executable_path/Frameworks",
					"@executable_path/../../Frameworks",
				);
				LOCALIZATION_PREFERS_STRING_CATALOGS = YES;
				MARKETING_VERSION = 1.0;
				PRODUCT_BUNDLE_IDENTIFIER = "com.julian-baumann.InterShare.ShareExtension";
				PRODUCT_NAME = "$(TARGET_NAME)";
				SDKROOT = iphoneos;
				SKIP_INSTALL = YES;
				SWIFT_EMIT_LOC_STRINGS = YES;
				SWIFT_VERSION = 5.0;
				TARGETED_DEVICE_FAMILY = "1,2";
				VALIDATE_PRODUCT = YES;
			};
			name = Release;
		};
		0AEC7C21299BA2FB005BBB0E /* Debug */ = {
			isa = XCBuildConfiguration;
			buildSettings = {
				ALWAYS_SEARCH_USER_PATHS = NO;
				CLANG_ANALYZER_NONNULL = YES;
				CLANG_ANALYZER_NUMBER_OBJECT_CONVERSION = YES_AGGRESSIVE;
				CLANG_CXX_LANGUAGE_STANDARD = "gnu++20";
				CLANG_ENABLE_MODULES = YES;
				CLANG_ENABLE_OBJC_ARC = YES;
				CLANG_ENABLE_OBJC_WEAK = YES;
				CLANG_WARN_BLOCK_CAPTURE_AUTORELEASING = YES;
				CLANG_WARN_BOOL_CONVERSION = YES;
				CLANG_WARN_COMMA = YES;
				CLANG_WARN_CONSTANT_CONVERSION = YES;
				CLANG_WARN_DEPRECATED_OBJC_IMPLEMENTATIONS = YES;
				CLANG_WARN_DIRECT_OBJC_ISA_USAGE = YES_ERROR;
				CLANG_WARN_DOCUMENTATION_COMMENTS = YES;
				CLANG_WARN_EMPTY_BODY = YES;
				CLANG_WARN_ENUM_CONVERSION = YES;
				CLANG_WARN_INFINITE_RECURSION = YES;
				CLANG_WARN_INT_CONVERSION = YES;
				CLANG_WARN_NON_LITERAL_NULL_CONVERSION = YES;
				CLANG_WARN_OBJC_IMPLICIT_RETAIN_SELF = YES;
				CLANG_WARN_OBJC_LITERAL_CONVERSION = YES;
				CLANG_WARN_OBJC_ROOT_CLASS = YES_ERROR;
				CLANG_WARN_QUOTED_INCLUDE_IN_FRAMEWORK_HEADER = YES;
				CLANG_WARN_RANGE_LOOP_ANALYSIS = YES;
				CLANG_WARN_STRICT_PROTOTYPES = YES;
				CLANG_WARN_SUSPICIOUS_MOVE = YES;
				CLANG_WARN_UNGUARDED_AVAILABILITY = YES_AGGRESSIVE;
				CLANG_WARN_UNREACHABLE_CODE = YES;
				CLANG_WARN__DUPLICATE_METHOD_MATCH = YES;
				COPY_PHASE_STRIP = NO;
				DEBUG_INFORMATION_FORMAT = dwarf;
				ENABLE_STRICT_OBJC_MSGSEND = YES;
				ENABLE_TESTABILITY = YES;
				GCC_C_LANGUAGE_STANDARD = gnu11;
				GCC_DYNAMIC_NO_PIC = NO;
				GCC_NO_COMMON_BLOCKS = YES;
				GCC_OPTIMIZATION_LEVEL = 0;
				GCC_PREPROCESSOR_DEFINITIONS = (
					"DEBUG=1",
					"$(inherited)",
				);
				GCC_WARN_64_TO_32_BIT_CONVERSION = YES;
				GCC_WARN_ABOUT_RETURN_TYPE = YES_ERROR;
				GCC_WARN_UNDECLARED_SELECTOR = YES;
				GCC_WARN_UNINITIALIZED_AUTOS = YES_AGGRESSIVE;
				GCC_WARN_UNUSED_FUNCTION = YES;
				GCC_WARN_UNUSED_VARIABLE = YES;
				MTL_ENABLE_DEBUG_INFO = INCLUDE_SOURCE;
				MTL_FAST_MATH = YES;
				ONLY_ACTIVE_ARCH = YES;
				SWIFT_ACTIVE_COMPILATION_CONDITIONS = DEBUG;
				SWIFT_OPTIMIZATION_LEVEL = "-Onone";
			};
			name = Debug;
		};
		0AEC7C22299BA2FB005BBB0E /* Release */ = {
			isa = XCBuildConfiguration;
			buildSettings = {
				ALWAYS_SEARCH_USER_PATHS = NO;
				CLANG_ANALYZER_NONNULL = YES;
				CLANG_ANALYZER_NUMBER_OBJECT_CONVERSION = YES_AGGRESSIVE;
				CLANG_CXX_LANGUAGE_STANDARD = "gnu++20";
				CLANG_ENABLE_MODULES = YES;
				CLANG_ENABLE_OBJC_ARC = YES;
				CLANG_ENABLE_OBJC_WEAK = YES;
				CLANG_WARN_BLOCK_CAPTURE_AUTORELEASING = YES;
				CLANG_WARN_BOOL_CONVERSION = YES;
				CLANG_WARN_COMMA = YES;
				CLANG_WARN_CONSTANT_CONVERSION = YES;
				CLANG_WARN_DEPRECATED_OBJC_IMPLEMENTATIONS = YES;
				CLANG_WARN_DIRECT_OBJC_ISA_USAGE = YES_ERROR;
				CLANG_WARN_DOCUMENTATION_COMMENTS = YES;
				CLANG_WARN_EMPTY_BODY = YES;
				CLANG_WARN_ENUM_CONVERSION = YES;
				CLANG_WARN_INFINITE_RECURSION = YES;
				CLANG_WARN_INT_CONVERSION = YES;
				CLANG_WARN_NON_LITERAL_NULL_CONVERSION = YES;
				CLANG_WARN_OBJC_IMPLICIT_RETAIN_SELF = YES;
				CLANG_WARN_OBJC_LITERAL_CONVERSION = YES;
				CLANG_WARN_OBJC_ROOT_CLASS = YES_ERROR;
				CLANG_WARN_QUOTED_INCLUDE_IN_FRAMEWORK_HEADER = YES;
				CLANG_WARN_RANGE_LOOP_ANALYSIS = YES;
				CLANG_WARN_STRICT_PROTOTYPES = YES;
				CLANG_WARN_SUSPICIOUS_MOVE = YES;
				CLANG_WARN_UNGUARDED_AVAILABILITY = YES_AGGRESSIVE;
				CLANG_WARN_UNREACHABLE_CODE = YES;
				CLANG_WARN__DUPLICATE_METHOD_MATCH = YES;
				COPY_PHASE_STRIP = NO;
				DEBUG_INFORMATION_FORMAT = "dwarf-with-dsym";
				ENABLE_NS_ASSERTIONS = NO;
				ENABLE_STRICT_OBJC_MSGSEND = YES;
				GCC_C_LANGUAGE_STANDARD = gnu11;
				GCC_NO_COMMON_BLOCKS = YES;
				GCC_WARN_64_TO_32_BIT_CONVERSION = YES;
				GCC_WARN_ABOUT_RETURN_TYPE = YES_ERROR;
				GCC_WARN_UNDECLARED_SELECTOR = YES;
				GCC_WARN_UNINITIALIZED_AUTOS = YES_AGGRESSIVE;
				GCC_WARN_UNUSED_FUNCTION = YES;
				GCC_WARN_UNUSED_VARIABLE = YES;
				MTL_ENABLE_DEBUG_INFO = NO;
				MTL_FAST_MATH = YES;
				SWIFT_COMPILATION_MODE = wholemodule;
				SWIFT_OPTIMIZATION_LEVEL = "-O";
			};
			name = Release;
		};
		0AEC7C24299BA2FB005BBB0E /* Debug */ = {
			isa = XCBuildConfiguration;
			buildSettings = {
				ASSETCATALOG_COMPILER_APPICON_NAME = AppIcon;
				ASSETCATALOG_COMPILER_GLOBAL_ACCENT_COLOR_NAME = AccentColor;
				CODE_SIGN_ENTITLEMENTS = InterShare/InterShare.entitlements;
				"CODE_SIGN_ENTITLEMENTS[sdk=macosx*]" = "InterShare/InterShare-mac.entitlements";
				CODE_SIGN_IDENTITY = "Apple Development";
				CODE_SIGN_STYLE = Automatic;
				CURRENT_PROJECT_VERSION = 8;
				DEVELOPMENT_ASSET_PATHS = "\"InterShare/Preview Content\"";
				DEVELOPMENT_TEAM = PBYG8F53RH;
				ENABLE_HARDENED_RUNTIME = YES;
				ENABLE_PREVIEWS = YES;
				GENERATE_INFOPLIST_FILE = YES;
				INFOPLIST_FILE = InterShare/Info.plist;
				INFOPLIST_KEY_CFBundleDisplayName = InterShare;
				INFOPLIST_KEY_LSApplicationCategoryType = "public.app-category.utilities";
				INFOPLIST_KEY_LSSupportsOpeningDocumentsInPlace = YES;
				INFOPLIST_KEY_LSUIElement = YES;
				INFOPLIST_KEY_NSBluetoothAlwaysUsageDescription = "InterShare requires Bluetooth to discover, connect, and communicate with nearby devices for secure file transfers when a shared Wi-Fi network is unavailable.";
				INFOPLIST_KEY_NSLocalNetworkUsageDescription = "InterShare requires access to the local Wi-Fi network to discover, connect, and transfer files between devices quickly and securely, without needing an internet connection.";
				INFOPLIST_KEY_NSPhotoLibraryAddUsageDescription = "Save images and videos directly to the Photos app";
				"INFOPLIST_KEY_UIApplicationSceneManifest_Generation[sdk=iphoneos*]" = YES;
				"INFOPLIST_KEY_UIApplicationSceneManifest_Generation[sdk=iphonesimulator*]" = YES;
				"INFOPLIST_KEY_UIApplicationSupportsIndirectInputEvents[sdk=iphoneos*]" = YES;
				"INFOPLIST_KEY_UIApplicationSupportsIndirectInputEvents[sdk=iphonesimulator*]" = YES;
				"INFOPLIST_KEY_UILaunchScreen_Generation[sdk=iphoneos*]" = YES;
				"INFOPLIST_KEY_UILaunchScreen_Generation[sdk=iphonesimulator*]" = YES;
				"INFOPLIST_KEY_UIStatusBarStyle[sdk=iphoneos*]" = UIStatusBarStyleDefault;
				"INFOPLIST_KEY_UIStatusBarStyle[sdk=iphonesimulator*]" = UIStatusBarStyleDefault;
				INFOPLIST_KEY_UISupportedInterfaceOrientations = UIInterfaceOrientationPortrait;
				INFOPLIST_KEY_UISupportedInterfaceOrientations_iPad = "UIInterfaceOrientationLandscapeLeft UIInterfaceOrientationLandscapeRight UIInterfaceOrientationPortrait UIInterfaceOrientationPortraitUpsideDown";
				IPHONEOS_DEPLOYMENT_TARGET = 17.6;
				LD_RUNPATH_SEARCH_PATHS = "@executable_path/Frameworks";
				"LD_RUNPATH_SEARCH_PATHS[sdk=macosx*]" = "@executable_path/../Frameworks";
				MACOSX_DEPLOYMENT_TARGET = 13.3;
				MARKETING_VERSION = 0.1.4;
				PRODUCT_BUNDLE_IDENTIFIER = "com.julian-baumann.InterShare";
				PRODUCT_NAME = "$(TARGET_NAME)";
				PROVISIONING_PROFILE_SPECIFIER = "";
				SDKROOT = auto;
				SUPPORTED_PLATFORMS = "iphoneos iphonesimulator macosx";
				SWIFT_EMIT_LOC_STRINGS = YES;
				SWIFT_VERSION = 5.0;
				TARGETED_DEVICE_FAMILY = "1,2";
			};
			name = Debug;
		};
		0AEC7C25299BA2FB005BBB0E /* Release */ = {
			isa = XCBuildConfiguration;
			buildSettings = {
				ASSETCATALOG_COMPILER_APPICON_NAME = AppIcon;
				ASSETCATALOG_COMPILER_GLOBAL_ACCENT_COLOR_NAME = AccentColor;
				CODE_SIGN_ENTITLEMENTS = InterShare/InterShare.entitlements;
				"CODE_SIGN_ENTITLEMENTS[sdk=macosx*]" = "InterShare/InterShare-mac.entitlements";
				CODE_SIGN_IDENTITY = "Apple Development";
				CODE_SIGN_STYLE = Automatic;
				CURRENT_PROJECT_VERSION = 8;
				DEVELOPMENT_ASSET_PATHS = "\"InterShare/Preview Content\"";
				DEVELOPMENT_TEAM = PBYG8F53RH;
				ENABLE_HARDENED_RUNTIME = YES;
				ENABLE_PREVIEWS = YES;
				GENERATE_INFOPLIST_FILE = YES;
				INFOPLIST_FILE = InterShare/Info.plist;
				INFOPLIST_KEY_CFBundleDisplayName = InterShare;
				INFOPLIST_KEY_LSApplicationCategoryType = "public.app-category.utilities";
				INFOPLIST_KEY_LSSupportsOpeningDocumentsInPlace = YES;
				INFOPLIST_KEY_LSUIElement = YES;
				INFOPLIST_KEY_NSBluetoothAlwaysUsageDescription = "InterShare requires Bluetooth to discover, connect, and communicate with nearby devices for secure file transfers when a shared Wi-Fi network is unavailable.";
				INFOPLIST_KEY_NSLocalNetworkUsageDescription = "InterShare requires access to the local Wi-Fi network to discover, connect, and transfer files between devices quickly and securely, without needing an internet connection.";
				INFOPLIST_KEY_NSPhotoLibraryAddUsageDescription = "Save images and videos directly to the Photos app";
				"INFOPLIST_KEY_UIApplicationSceneManifest_Generation[sdk=iphoneos*]" = YES;
				"INFOPLIST_KEY_UIApplicationSceneManifest_Generation[sdk=iphonesimulator*]" = YES;
				"INFOPLIST_KEY_UIApplicationSupportsIndirectInputEvents[sdk=iphoneos*]" = YES;
				"INFOPLIST_KEY_UIApplicationSupportsIndirectInputEvents[sdk=iphonesimulator*]" = YES;
				"INFOPLIST_KEY_UILaunchScreen_Generation[sdk=iphoneos*]" = YES;
				"INFOPLIST_KEY_UILaunchScreen_Generation[sdk=iphonesimulator*]" = YES;
				"INFOPLIST_KEY_UIStatusBarStyle[sdk=iphoneos*]" = UIStatusBarStyleDefault;
				"INFOPLIST_KEY_UIStatusBarStyle[sdk=iphonesimulator*]" = UIStatusBarStyleDefault;
				INFOPLIST_KEY_UISupportedInterfaceOrientations = UIInterfaceOrientationPortrait;
				INFOPLIST_KEY_UISupportedInterfaceOrientations_iPad = "UIInterfaceOrientationLandscapeLeft UIInterfaceOrientationLandscapeRight UIInterfaceOrientationPortrait UIInterfaceOrientationPortraitUpsideDown";
				IPHONEOS_DEPLOYMENT_TARGET = 17.6;
				LD_RUNPATH_SEARCH_PATHS = "@executable_path/Frameworks";
				"LD_RUNPATH_SEARCH_PATHS[sdk=macosx*]" = "@executable_path/../Frameworks";
				MACOSX_DEPLOYMENT_TARGET = 13.3;
				MARKETING_VERSION = 0.1.4;
				PRODUCT_BUNDLE_IDENTIFIER = "com.julian-baumann.InterShare";
				PRODUCT_NAME = "$(TARGET_NAME)";
				PROVISIONING_PROFILE_SPECIFIER = "";
				SDKROOT = auto;
				SUPPORTED_PLATFORMS = "iphoneos iphonesimulator macosx";
				SWIFT_EMIT_LOC_STRINGS = YES;
				SWIFT_VERSION = 5.0;
				TARGETED_DEVICE_FAMILY = "1,2";
			};
			name = Release;
		};
/* End XCBuildConfiguration section */

/* Begin XCConfigurationList section */
		0A2E95042D464FBC00224218 /* Build configuration list for PBXNativeTarget "InterShareAppClip" */ = {
			isa = XCConfigurationList;
			buildConfigurations = (
				0A2E95052D464FBC00224218 /* Debug */,
				0A2E95062D464FBC00224218 /* Release */,
			);
			defaultConfigurationIsVisible = 0;
			defaultConfigurationName = Release;
		};
		0A5E3F1F2CC5A09300AA2A27 /* Build configuration list for PBXNativeTarget "MacShareExtension" */ = {
			isa = XCConfigurationList;
			buildConfigurations = (
				0A5E3F202CC5A09300AA2A27 /* Debug */,
				0A5E3F212CC5A09300AA2A27 /* Release */,
			);
			defaultConfigurationIsVisible = 0;
			defaultConfigurationName = Release;
		};
		0A69D43E2CC3E3BF0066A19E /* Build configuration list for PBXNativeTarget "ShareExtension" */ = {
			isa = XCConfigurationList;
			buildConfigurations = (
				0A69D43B2CC3E3BF0066A19E /* Debug */,
				0A69D43C2CC3E3BF0066A19E /* Release */,
			);
			defaultConfigurationIsVisible = 0;
			defaultConfigurationName = Release;
		};
		0AEC7C0F299BA2FA005BBB0E /* Build configuration list for PBXProject "InterShare" */ = {
			isa = XCConfigurationList;
			buildConfigurations = (
				0AEC7C21299BA2FB005BBB0E /* Debug */,
				0AEC7C22299BA2FB005BBB0E /* Release */,
			);
			defaultConfigurationIsVisible = 0;
			defaultConfigurationName = Release;
		};
		0AEC7C23299BA2FB005BBB0E /* Build configuration list for PBXNativeTarget "InterShare" */ = {
			isa = XCConfigurationList;
			buildConfigurations = (
				0AEC7C24299BA2FB005BBB0E /* Debug */,
				0AEC7C25299BA2FB005BBB0E /* Release */,
			);
			defaultConfigurationIsVisible = 0;
			defaultConfigurationName = Release;
		};
/* End XCConfigurationList section */

/* Begin XCLocalSwiftPackageReference section */
		0A5E3EE52CC59C7200AA2A27 /* XCLocalSwiftPackageReference "../../../DynamicNotchKit" */ = {
			isa = XCLocalSwiftPackageReference;
			relativePath = ../../../DynamicNotchKit;
		};
		0AFC33862B3F0DD800448B3B /* XCLocalSwiftPackageReference "../../intershare-sdk" */ = {
			isa = XCLocalSwiftPackageReference;
			relativePath = "../../intershare-sdk";
		};
/* End XCLocalSwiftPackageReference section */

/* Begin XCRemoteSwiftPackageReference section */
		0A2E950D2D46853900224218 /* XCRemoteSwiftPackageReference "FluidGradient" */ = {
			isa = XCRemoteSwiftPackageReference;
			repositoryURL = "https://github.com/Cindori/FluidGradient";
			requirement = {
				kind = upToNextMajorVersion;
				minimumVersion = 1.0.0;
			};
		};
		0AF4AA4D2D87951F00A8ACE9 /* XCRemoteSwiftPackageReference "DSFDockTile" */ = {
			isa = XCRemoteSwiftPackageReference;
			repositoryURL = "https://github.com/dagronf/DSFDockTile";
			requirement = {
				kind = upToNextMajorVersion;
				minimumVersion = 1.0.0;
			};
		};
/* End XCRemoteSwiftPackageReference section */

/* Begin XCSwiftPackageProductDependency section */
		0A2E95082D465AE900224218 /* InterShareKit */ = {
			isa = XCSwiftPackageProductDependency;
			package = 0AFC33862B3F0DD800448B3B /* XCLocalSwiftPackageReference "../../intershare-sdk" */;
			productName = InterShareKit;
		};
		0A2E950E2D46862100224218 /* FluidGradient */ = {
			isa = XCSwiftPackageProductDependency;
			package = 0A2E950D2D46853900224218 /* XCRemoteSwiftPackageReference "FluidGradient" */;
			productName = FluidGradient;
		};
		0A5E3EE62CC59C7200AA2A27 /* DynamicNotchKit */ = {
			isa = XCSwiftPackageProductDependency;
			productName = DynamicNotchKit;
		};
		0A5E3F2F2CC5A12400AA2A27 /* DynamicNotchKit */ = {
			isa = XCSwiftPackageProductDependency;
			package = 0A5E3EE52CC59C7200AA2A27 /* XCLocalSwiftPackageReference "../../../DynamicNotchKit" */;
			productName = DynamicNotchKit;
		};
		0A8D6CC32CC577AD00BD251F /* DynamicNotchKit */ = {
			isa = XCSwiftPackageProductDependency;
			productName = DynamicNotchKit;
		};
		0AF497162CC6E42D0049DAC3 /* InterShareKit */ = {
			isa = XCSwiftPackageProductDependency;
			package = 0AFC33862B3F0DD800448B3B /* XCLocalSwiftPackageReference "../../intershare-sdk" */;
			productName = InterShareKit;
		};
		0AF4971A2CC6E46A0049DAC3 /* InterShareKit */ = {
			isa = XCSwiftPackageProductDependency;
			package = 0AFC33862B3F0DD800448B3B /* XCLocalSwiftPackageReference "../../intershare-sdk" */;
			productName = InterShareKit;
		};
		0AF4971F2CC6E4710049DAC3 /* InterShareKit */ = {
			isa = XCSwiftPackageProductDependency;
			package = 0AFC33862B3F0DD800448B3B /* XCLocalSwiftPackageReference "../../intershare-sdk" */;
			productName = InterShareKit;
		};
		0AF4AA4E2D87951F00A8ACE9 /* DSFDockTile */ = {
			isa = XCSwiftPackageProductDependency;
			package = 0AF4AA4D2D87951F00A8ACE9 /* XCRemoteSwiftPackageReference "DSFDockTile" */;
			productName = DSFDockTile;
		};
/* End XCSwiftPackageProductDependency section */
	};
	rootObject = 0AEC7C0C299BA2FA005BBB0E /* Project object */;
}
